
Microsoft Visual Studio Solution File, Format Version 12.00
Project("{FAE04EC0-301F-11D3-BF4B-00C04F79EFBC}") = "NarrativeEngine.API", "NarrativeEngine.API\NarrativeEngine.API.csproj", "{2DF2DA5E-F9E7-4ABF-A1E9-45F2BB3EB0BA}"
EndProject
Global
	GlobalSection(SolutionConfigurationPlatforms) = preSolution
		Debug|Any CPU = Debug|Any CPU
		Release|Any CPU = Release|Any CPU
	EndGlobalSection
	GlobalSection(ProjectConfigurationPlatforms) = postSolution
		{2DF2DA5E-F9E7-4ABF-A1E9-45F2BB3EB0BA}.Debug|Any CPU.ActiveCfg = Debug|Any CPU
		{2DF2DA5E-F9E7-4ABF-A1E9-45F2BB3EB0BA}.Debug|Any CPU.Build.0 = Debug|Any CPU
		{2DF2DA5E-F9E7-4ABF-A1E9-45F2BB3EB0BA}.Release|Any CPU.ActiveCfg = Release|Any CPU
		{2DF2DA5E-F9E7-4ABF-A1E9-45F2BB3EB0BA}.Release|Any CPU.Build.0 = Release|Any CPU
	EndGlobalSection
EndGlobal
